shylinux.com/x/go-qrcode v0.0.1 h1:/eOGqMj1qtgs9Ymd12zTUa1gcJZs9S92kj2lb0QzKsE=
shylinux.com/x/go-qrcode v0.0.1/go.mod h1:KAbtU+KwiiABMZ/CJ0zh9PI2AX82Uf9rRYcQ4ODm4po=
shylinux.com/x/ice v0.8.6 h1:IpUc7yp2NpyxciXNFBApn3JF3VP+2K0YWbubFhGCFXQ=
shylinux.com/x/ice v0.8.6/go.mod h1:mA3Nb1rWYp0ypmG+KO92Rx5GnFrVUjoj4ii05FWAJ5c=
shylinux.com/x/icebergs v1.1.2 h1:MDG6N+0JUNhH7g1ldft+RT7kYT79M2d7tN5R6GrXDBc=
shylinux.com/x/icebergs v1.1.2/go.mod h1:SwEzucaBu2/2pWQrBDG8jMsgZLzQwftzULiPK3cSp8M=
shylinux.com/x/toolkits v0.5.4 h1:Wy1qw264qEPzLYHfMhy9tmm+6+zycit75hJVxwu83cQ=
shylinux.com/x/toolkits v0.5.4/go.mod h1:8LbYHe7oxBIqb6s4MSOD+4d28QvPdvkyCVtwB/JW7AA=
shylinux.com/x/websocket v0.0.1 h1:OBc21DxqsGlQ2+Pz76xqLyDNo1LV+PUUqfWi+1PZPDE=
shylinux.com/x/websocket v0.0.1/go.mod h1:AaSpMToOxbMULKQytzczeHPuqb708vK1vrAzCxLo/XE=
