shylinux.com/x/go-qrcode v0.0.1 h1:/eOGqMj1qtgs9Ymd12zTUa1gcJZs9S92kj2lb0QzKsE=
shylinux.com/x/go-qrcode v0.0.1/go.mod h1:KAbtU+KwiiABMZ/CJ0zh9PI2AX82Uf9rRYcQ4ODm4po=
shylinux.com/x/ice v0.9.4 h1:gByY3wm65J00YmOCgWp9jES+oBVrIY5tVKiujAYdWk8=
shylinux.com/x/ice v0.9.4/go.mod h1:fJizLycMNr01ROgzBYDyrNXH72IvQjiU67VdAAm/jKg=
shylinux.com/x/icebergs v1.2.0 h1:/zaEdaR00ApBxn/Yx9WYeRy/ywFNEFsdiLUn1cBX/Bg=
shylinux.com/x/icebergs v1.2.0/go.mod h1:zCAydrOC+MFmbn5SzhgdL0dhzUALiTjeT0psU2QyQ8Y=
shylinux.com/x/toolkits v0.5.9 h1:d2x4hNp9ariX66w8dsY8qFsPYtP0MYdOhh+exmqECDo=
shylinux.com/x/toolkits v0.5.9/go.mod h1:8LbYHe7oxBIqb6s4MSOD+4d28QvPdvkyCVtwB/JW7AA=
shylinux.com/x/websocket v0.0.1 h1:OBc21DxqsGlQ2+Pz76xqLyDNo1LV+PUUqfWi+1PZPDE=
shylinux.com/x/websocket v0.0.1/go.mod h1:AaSpMToOxbMULKQytzczeHPuqb708vK1vrAzCxLo/XE=
