shylinux.com/x/go-qrcode v0.0.1 h1:/eOGqMj1qtgs9Ymd12zTUa1gcJZs9S92kj2lb0QzKsE=
shylinux.com/x/go-qrcode v0.0.1/go.mod h1:KAbtU+KwiiABMZ/CJ0zh9PI2AX82Uf9rRYcQ4ODm4po=
shylinux.com/x/ice v0.9.1 h1:nh0eEVXXHyYg5oriZxjP91gMaAcwlft3BBdCGf4EA1o=
shylinux.com/x/ice v0.9.1/go.mod h1:Ttd5S1h54XAk0xXpjG1Jncey8oYXjXwQ1RdJZ1h/4SI=
shylinux.com/x/icebergs v1.1.7/go.mod h1:7qyESQEF0S9MUzrVv29hLsgvflVv7/dr8BOk0Nxej1A=
shylinux.com/x/icebergs v1.1.8 h1:s++RU9noOeR+g/oChxKBFV8JtNKWchL/iKzwtiwDsvE=
shylinux.com/x/icebergs v1.1.8/go.mod h1:IWYdPq5nI+Vcr/5m7xvScBM1DyOsQZDDvBa0ffyIOBM=
shylinux.com/x/toolkits v0.5.7/go.mod h1:8LbYHe7oxBIqb6s4MSOD+4d28QvPdvkyCVtwB/JW7AA=
shylinux.com/x/toolkits v0.5.8 h1:8MhHLmglPTPiXAdUgAJXx+gOxJoQzmpNeC7QzsZcjJw=
shylinux.com/x/toolkits v0.5.8/go.mod h1:8LbYHe7oxBIqb6s4MSOD+4d28QvPdvkyCVtwB/JW7AA=
shylinux.com/x/websocket v0.0.1 h1:OBc21DxqsGlQ2+Pz76xqLyDNo1LV+PUUqfWi+1PZPDE=
shylinux.com/x/websocket v0.0.1/go.mod h1:AaSpMToOxbMULKQytzczeHPuqb708vK1vrAzCxLo/XE=
